
Microsoft Visual Studio Solution File, Format Version 12.00
# Visual Studio Version 16
VisualStudioVersion = 16.0.30503.244
MinimumVisualStudioVersion = 10.0.40219.1
Project("{9A19103F-16F7-4668-BE54-9A1E7A4F7556}") = "InventoryWebAPI", "InventoryWebAPI.csproj", "{E620740C-5E73-409A-8BFA-DDA2B31C80AF}"
EndProject
Project("{9A19103F-16F7-4668-BE54-9A1E7A4F7556}") = "Products.Data", "..\Products.Data\Products.Data.csproj", "{F8DD933B-1263-4998-B1E4-539D6E23E8BC}"
EndProject
Project("{9A19103F-16F7-4668-BE54-9A1E7A4F7556}") = "Products.Services", "..\Products.Services\Products.Services.csproj", "{D5158205-ED45-48FC-816F-7AE4EC7A6577}"
EndProject
Project("{9A19103F-16F7-4668-BE54-9A1E7A4F7556}") = "Products.Repo", "..\Products.Repo\Products.Repo.csproj", "{8F1B68A1-9A03-43A3-961F-8A1ED01D64F2}"
EndProject
Project("{FAE04EC0-301F-11D3-BF4B-00C04F79EFBC}") = "WebAPI.FunctionalTests", "..\WebAPI.FunctionalTests\WebAPI.FunctionalTests.csproj", "{A6F85830-8BFF-42FE-AD85-4118888B642A}"
	ProjectSection(ProjectDependencies) = postProject
		{E620740C-5E73-409A-8BFA-DDA2B31C80AF} = {E620740C-5E73-409A-8BFA-DDA2B31C80AF}
	EndProjectSection
EndProject
Global
	GlobalSection(SolutionConfigurationPlatforms) = preSolution
		Debug|Any CPU = Debug|Any CPU
		Release|Any CPU = Release|Any CPU
	EndGlobalSection
	GlobalSection(ProjectConfigurationPlatforms) = postSolution
		{E620740C-5E73-409A-8BFA-DDA2B31C80AF}.Debug|Any CPU.ActiveCfg = Debug|Any CPU
		{E620740C-5E73-409A-8BFA-DDA2B31C80AF}.Debug|Any CPU.Build.0 = Debug|Any CPU
		{E620740C-5E73-409A-8BFA-DDA2B31C80AF}.Release|Any CPU.ActiveCfg = Release|Any CPU
		{E620740C-5E73-409A-8BFA-DDA2B31C80AF}.Release|Any CPU.Build.0 = Release|Any CPU
		{F8DD933B-1263-4998-B1E4-539D6E23E8BC}.Debug|Any CPU.ActiveCfg = Debug|Any CPU
		{F8DD933B-1263-4998-B1E4-539D6E23E8BC}.Debug|Any CPU.Build.0 = Debug|Any CPU
		{F8DD933B-1263-4998-B1E4-539D6E23E8BC}.Release|Any CPU.ActiveCfg = Release|Any CPU
		{F8DD933B-1263-4998-B1E4-539D6E23E8BC}.Release|Any CPU.Build.0 = Release|Any CPU
		{D5158205-ED45-48FC-816F-7AE4EC7A6577}.Debug|Any CPU.ActiveCfg = Debug|Any CPU
		{D5158205-ED45-48FC-816F-7AE4EC7A6577}.Debug|Any CPU.Build.0 = Debug|Any CPU
		{D5158205-ED45-48FC-816F-7AE4EC7A6577}.Release|Any CPU.ActiveCfg = Release|Any CPU
		{D5158205-ED45-48FC-816F-7AE4EC7A6577}.Release|Any CPU.Build.0 = Release|Any CPU
		{8F1B68A1-9A03-43A3-961F-8A1ED01D64F2}.Debug|Any CPU.ActiveCfg = Debug|Any CPU
		{8F1B68A1-9A03-43A3-961F-8A1ED01D64F2}.Debug|Any CPU.Build.0 = Debug|Any CPU
		{8F1B68A1-9A03-43A3-961F-8A1ED01D64F2}.Release|Any CPU.ActiveCfg = Release|Any CPU
		{8F1B68A1-9A03-43A3-961F-8A1ED01D64F2}.Release|Any CPU.Build.0 = Release|Any CPU
		{A6F85830-8BFF-42FE-AD85-4118888B642A}.Debug|Any CPU.ActiveCfg = Debug|Any CPU
		{A6F85830-8BFF-42FE-AD85-4118888B642A}.Debug|Any CPU.Build.0 = Debug|Any CPU
		{A6F85830-8BFF-42FE-AD85-4118888B642A}.Release|Any CPU.ActiveCfg = Release|Any CPU
		{A6F85830-8BFF-42FE-AD85-4118888B642A}.Release|Any CPU.Build.0 = Release|Any CPU
	EndGlobalSection
	GlobalSection(SolutionProperties) = preSolution
		HideSolutionNode = FALSE
	EndGlobalSection
	GlobalSection(ExtensibilityGlobals) = postSolution
		SolutionGuid = {498C116D-BE36-4212-B244-440850175A03}
	EndGlobalSection
EndGlobal
